
Microsoft Visual Studio Solution File, Format Version 12.00
# Visual Studio Version 16
VisualStudioVersion = 16.0.32407.337
MinimumVisualStudioVersion = 10.0.40219.1
Project("{FAE04EC0-301F-11D3-BF4B-00C04F79EFBC}") = "GenImageViewer", "GenImageViewer.csproj", "{D5A9B613-A26C-419B-97C8-6902F5C17850}"
EndProject
Global
	GlobalSection(SolutionConfigurationPlatforms) = preSolution
		Debug|Any CPU = Debug|Any CPU
		Release|Any CPU = Release|Any CPU
	EndGlobalSection
	GlobalSection(ProjectConfigurationPlatforms) = postSolution
		{D5A9B613-A26C-419B-97C8-6902F5C17850}.Debug|Any CPU.ActiveCfg = Debug|Any CPU
		{D5A9B613-A26C-419B-97C8-6902F5C17850}.Debug|Any CPU.Build.0 = Debug|Any CPU
		{D5A9B613-A26C-419B-97C8-6902F5C17850}.Release|Any CPU.ActiveCfg = Release|Any CPU
		{D5A9B613-A26C-419B-97C8-6902F5C17850}.Release|Any CPU.Build.0 = Release|Any CPU
	EndGlobalSection
	GlobalSection(SolutionProperties) = preSolution
		HideSolutionNode = FALSE
	EndGlobalSection
	GlobalSection(ExtensibilityGlobals) = postSolution
		SolutionGuid = {0001FC94-0C9D-4930-AEB3-5A09172BC009}
	EndGlobalSection
EndGlobal
